
Microsoft Visual Studio Solution File, Format Version 12.00
Project("{FAE04EC0-301F-11D3-BF4B-00C04F79EFBC}") = "CompilerWidgetApi", "CompilerWidgetApi\CompilerWidgetApi.csproj", "{8654ED34-19D0-4BEC-9E33-A37E0C282BB3}"
EndProject
Project("{FAE04EC0-301F-11D3-BF4B-00C04F79EFBC}") = "CompilationService", "CompilationService\CompilationService.csproj", "{65F0C7D0-817A-459B-A7E7-151841FD5876}"
EndProject
Project("{FAE04EC0-301F-11D3-BF4B-00C04F79EFBC}") = "SessionManager", "SessionManager\SessionManager.csproj", "{746C450A-63A2-4F39-9B37-2B0201BC072A}"
EndProject
Project("{FAE04EC0-301F-11D3-BF4B-00C04F79EFBC}") = "FileStorage", "FileStorage\FileStorage.csproj", "{9FD79229-4129-42C3-BF39-3241C4FFF955}"
EndProject
Project("{FAE04EC0-301F-11D3-BF4B-00C04F79EFBC}") = "WebSocketHub", "WebSocketHub\WebSocketHub.csproj", "{FA0FFB9C-36AC-4AAF-94B0-F132CEFDE878}"
EndProject
Global
	GlobalSection(SolutionConfigurationPlatforms) = preSolution
		Debug|Any CPU = Debug|Any CPU
		Release|Any CPU = Release|Any CPU
	EndGlobalSection
	GlobalSection(ProjectConfigurationPlatforms) = postSolution
		{8654ED34-19D0-4BEC-9E33-A37E0C282BB3}.Debug|Any CPU.ActiveCfg = Debug|Any CPU
		{8654ED34-19D0-4BEC-9E33-A37E0C282BB3}.Debug|Any CPU.Build.0 = Debug|Any CPU
		{8654ED34-19D0-4BEC-9E33-A37E0C282BB3}.Release|Any CPU.ActiveCfg = Release|Any CPU
		{8654ED34-19D0-4BEC-9E33-A37E0C282BB3}.Release|Any CPU.Build.0 = Release|Any CPU
		{65F0C7D0-817A-459B-A7E7-151841FD5876}.Debug|Any CPU.ActiveCfg = Debug|Any CPU
		{65F0C7D0-817A-459B-A7E7-151841FD5876}.Debug|Any CPU.Build.0 = Debug|Any CPU
		{65F0C7D0-817A-459B-A7E7-151841FD5876}.Release|Any CPU.ActiveCfg = Release|Any CPU
		{65F0C7D0-817A-459B-A7E7-151841FD5876}.Release|Any CPU.Build.0 = Release|Any CPU
		{746C450A-63A2-4F39-9B37-2B0201BC072A}.Debug|Any CPU.ActiveCfg = Debug|Any CPU
		{746C450A-63A2-4F39-9B37-2B0201BC072A}.Debug|Any CPU.Build.0 = Debug|Any CPU
		{746C450A-63A2-4F39-9B37-2B0201BC072A}.Release|Any CPU.ActiveCfg = Release|Any CPU
		{746C450A-63A2-4F39-9B37-2B0201BC072A}.Release|Any CPU.Build.0 = Release|Any CPU
		{9FD79229-4129-42C3-BF39-3241C4FFF955}.Debug|Any CPU.ActiveCfg = Debug|Any CPU
		{9FD79229-4129-42C3-BF39-3241C4FFF955}.Debug|Any CPU.Build.0 = Debug|Any CPU
		{9FD79229-4129-42C3-BF39-3241C4FFF955}.Release|Any CPU.ActiveCfg = Release|Any CPU
		{9FD79229-4129-42C3-BF39-3241C4FFF955}.Release|Any CPU.Build.0 = Release|Any CPU
		{FA0FFB9C-36AC-4AAF-94B0-F132CEFDE878}.Debug|Any CPU.ActiveCfg = Debug|Any CPU
		{FA0FFB9C-36AC-4AAF-94B0-F132CEFDE878}.Debug|Any CPU.Build.0 = Debug|Any CPU
		{FA0FFB9C-36AC-4AAF-94B0-F132CEFDE878}.Release|Any CPU.ActiveCfg = Release|Any CPU
		{FA0FFB9C-36AC-4AAF-94B0-F132CEFDE878}.Release|Any CPU.Build.0 = Release|Any CPU
	EndGlobalSection
EndGlobal
