
Microsoft Visual Studio Solution File, Format Version 12.00
Project("{FAE04EC0-301F-11D3-BF4B-00C04F79EFBC}") = "CompilerWidgetApi", "CompilerWidgetApi\CompilerWidgetApi.csproj", "{8654ED34-19D0-4BEC-9E33-A37E0C282BB3}"
EndProject
Project("{FAE04EC0-301F-11D3-BF4B-00C04F79EFBC}") = "Compilation", "Compilation\Compilation.csproj", "{2F237A87-80E1-4377-A12B-B02E6AE43375}"
EndProject
Project("{FAE04EC0-301F-11D3-BF4B-00C04F79EFBC}") = "FileStorage", "FileStorage\FileStorage.csproj", "{52BDD3CA-7EE2-42AD-9559-C8D12B93072C}"
EndProject
Project("{2150E333-8FDC-42A3-9474-1A3956D46DE8}") = "Solution Items", "Solution Items", "{F836FB3D-6242-4F73-ACA7-6130DFEDE740}"
	ProjectSection(SolutionItems) = preProject
		compose.yaml = compose.yaml
	EndProjectSection
EndProject
Global
	GlobalSection(SolutionConfigurationPlatforms) = preSolution
		Debug|Any CPU = Debug|Any CPU
		Release|Any CPU = Release|Any CPU
	EndGlobalSection
	GlobalSection(ProjectConfigurationPlatforms) = postSolution
		{8654ED34-19D0-4BEC-9E33-A37E0C282BB3}.Debug|Any CPU.ActiveCfg = Debug|Any CPU
		{8654ED34-19D0-4BEC-9E33-A37E0C282BB3}.Debug|Any CPU.Build.0 = Debug|Any CPU
		{8654ED34-19D0-4BEC-9E33-A37E0C282BB3}.Release|Any CPU.ActiveCfg = Release|Any CPU
		{8654ED34-19D0-4BEC-9E33-A37E0C282BB3}.Release|Any CPU.Build.0 = Release|Any CPU
		{2F237A87-80E1-4377-A12B-B02E6AE43375}.Debug|Any CPU.ActiveCfg = Debug|Any CPU
		{2F237A87-80E1-4377-A12B-B02E6AE43375}.Debug|Any CPU.Build.0 = Debug|Any CPU
		{2F237A87-80E1-4377-A12B-B02E6AE43375}.Release|Any CPU.ActiveCfg = Release|Any CPU
		{2F237A87-80E1-4377-A12B-B02E6AE43375}.Release|Any CPU.Build.0 = Release|Any CPU
		{52BDD3CA-7EE2-42AD-9559-C8D12B93072C}.Debug|Any CPU.ActiveCfg = Debug|Any CPU
		{52BDD3CA-7EE2-42AD-9559-C8D12B93072C}.Debug|Any CPU.Build.0 = Debug|Any CPU
		{52BDD3CA-7EE2-42AD-9559-C8D12B93072C}.Release|Any CPU.ActiveCfg = Release|Any CPU
		{52BDD3CA-7EE2-42AD-9559-C8D12B93072C}.Release|Any CPU.Build.0 = Release|Any CPU
		{89444BB4-6F49-442C-85C3-C90BADE10302}.Debug|Any CPU.ActiveCfg = Debug|Any CPU
		{89444BB4-6F49-442C-85C3-C90BADE10302}.Debug|Any CPU.Build.0 = Debug|Any CPU
		{89444BB4-6F49-442C-85C3-C90BADE10302}.Release|Any CPU.ActiveCfg = Release|Any CPU
		{89444BB4-6F49-442C-85C3-C90BADE10302}.Release|Any CPU.Build.0 = Release|Any CPU
	EndGlobalSection
EndGlobal
